github.com/IGLOU-EU/go-wildcard/v2 v2.1.0 h1:WFqyYAuIYLJ6mHZ4rp/bYXiR4E1IvXW4+zInYWdQBqI=
github.com/IGLOU-EU/go-wildcard/v2 v2.1.0/go.mod h1:/sUMQ5dk2owR0ZcjRI/4AZ+bUFF5DxGCQrDMNBXUf5o=
github.com/bahlo/generic-list-go v0.2.0 h1:5sz/EEAK+ls5wF+NeqDpk5+iNdMDXrh3z3nPnH1Wvgk=
github.com/bahlo/generic-list-go v0.2.0/go.mod h1:2KvAjgMlE5NNynlg/5iLrrCCZ2+5xWbdbCW3pNTGyYg=
github.com/buger/jsonparser v1.1.1 h1:2PnMjfWD7wBILjqQbt530v576A/cAbQvEW9gGIpYMUs=
github.com/buger/jsonparser v1.1.1/go.mod h1:6RYKKt7H4d4+iWqouImQ9R2FZql3VbhNgx27UK13J/0=
github.com/k1LoW/httpstub v0.26.0 h1:vfZ0XukhhKZWjT+aB2pkDRxCeEni1gVQOXVA0yuV4hI=
github.com/k1LoW/httpstub v0.26.0/go.mod h1:f9lfEPKr//BLqN31m2AB9duJwJ0Hsdgv9+f4x6y/5Lo=
github.com/k1LoW/nontest v0.1.0 h1:+mT8ahi9u5UCAO5fdXmonQdsmk3vi5TXxF3sMbXsrwE=
github.com/k1LoW/nontest v0.1.0/go.mod h1:KMAfNIG+eQrmeDw98F/3WtYtQUWjbTAFVdefGvZSXVc=
github.com/pb33f/jsonpath v0.1.2 h1:PlqXjEyecMqoYJupLxYeClCGWEpAFnh4pmzgspbXDPI=
github.com/pb33f/jsonpath v0.1.2/go.mod h1:TtKnUnfqZm48q7a56DxB3WtL3ipkVtukMKGKxaR/uXU=
github.com/pb33f/libopenapi v0.28.0 h1:j8o3Tttxo1AvX/QknIVXvmF1ixiR8Bl93FOgB+OQPt0=
github.com/pb33f/libopenapi v0.28.0/go.mod h1:mHMHA3ZKSZDTInNAuUtqkHlKLIjPm2HN1vgsGR57afc=
github.com/pb33f/libopenapi-validator v0.7.0 h1:oixrFIYQoI7W5sRCpnTkNmT+y59D7Z98eR9Al95XEaQ=
github.com/pb33f/libopenapi-validator v0.7.0/go.mod h1:LfD/YC0OPCzPq7zvg99yabln1ACoFaND6eE8Wu1lkPQ=
github.com/pb33f/ordered-map/v2 v2.3.0 h1:k2OhVEQkhTCQMhAicQ3Z6iInzoZNQ7L9MVomwKBZ5WQ=
github.com/pb33f/ordered-map/v2 v2.3.0/go.mod h1:oe5ue+6ZNhy7QN9cPZvPA23Hx0vMHnNVeMg4fGdCANw=
github.com/santhosh-tekuri/jsonschema/v6 v6.0.2 h1:KRzFb2m7YtdldCEkzs6KqmJw4nqEVZGK7IN2kJkjTuQ=
github.com/santhosh-tekuri/jsonschema/v6 v6.0.2/go.mod h1:JXeL+ps8p7/KNMjDQk3TCwPpBy0wYklyWTfbkIzdIFU=
go.yaml.in/yaml/v4 v4.0.0-rc.2 h1:/FrI8D64VSr4HtGIlUtlFMGsm7H7pWTbj6vOLVZcA6s=
go.yaml.in/yaml/v4 v4.0.0-rc.2/go.mod h1:aZqd9kCMsGL7AuUv/m/PvWLdg5sjJsZ4oHDEnfPPfY0=
golang.org/x/text v0.29.0 h1:1neNs90w9YzJ9BocxfsQNHKuAT4pkghyXc4nhZ6sJvk=
golang.org/x/text v0.29.0/go.mod h1:7MhJOA9CD2qZyOKYazxdYMF85OwPdEr9jTtBpO7ydH4=
